
Microsoft Visual Studio Solution File, Format Version 12.00
# Visual Studio Version 16
VisualStudioVersion = 16.0.30711.63
MinimumVisualStudioVersion = 10.0.40219.1
Project("{FAE04EC0-301F-11D3-BF4B-00C04F79EFBC}") = "Calculation", "Calculation.csproj", "{430CBC15-5743-4238-ADD6-2E0FC51DC1A8}"
EndProject
Global
	GlobalSection(SolutionConfigurationPlatforms) = preSolution
		Debug|Any CPU = Debug|Any CPU
		Release|Any CPU = Release|Any CPU
	EndGlobalSection
	GlobalSection(ProjectConfigurationPlatforms) = postSolution
		{430CBC15-5743-4238-ADD6-2E0FC51DC1A8}.Debug|Any CPU.ActiveCfg = Debug|Any CPU
		{430CBC15-5743-4238-ADD6-2E0FC51DC1A8}.Debug|Any CPU.Build.0 = Debug|Any CPU
		{430CBC15-5743-4238-ADD6-2E0FC51DC1A8}.Release|Any CPU.ActiveCfg = Release|Any CPU
		{430CBC15-5743-4238-ADD6-2E0FC51DC1A8}.Release|Any CPU.Build.0 = Release|Any CPU
	EndGlobalSection
	GlobalSection(SolutionProperties) = preSolution
		HideSolutionNode = FALSE
	EndGlobalSection
	GlobalSection(ExtensibilityGlobals) = postSolution
		SolutionGuid = {E504E2F0-F4DC-4175-8C4B-9CBD643BE2CD}
	EndGlobalSection
EndGlobal
